
Microsoft Visual Studio Solution File, Format Version 12.00
# Visual Studio Version 17
VisualStudioVersion = 17.4.33122.133
MinimumVisualStudioVersion = 10.0.40219.1
Project("{FAE04EC0-301F-11D3-BF4B-00C04F79EFBC}") = "ProjectForGit", "ProjectForGit\ProjectForGit.csproj", "{DBE6E50D-869E-4A5F-8E41-6AE9A2C96AFE}"
EndProject
Global
	GlobalSection(SolutionConfigurationPlatforms) = preSolution
		Debug|Any CPU = Debug|Any CPU
		Release|Any CPU = Release|Any CPU
	EndGlobalSection
	GlobalSection(ProjectConfigurationPlatforms) = postSolution
		{DBE6E50D-869E-4A5F-8E41-6AE9A2C96AFE}.Debug|Any CPU.ActiveCfg = Debug|Any CPU
		{DBE6E50D-869E-4A5F-8E41-6AE9A2C96AFE}.Debug|Any CPU.Build.0 = Debug|Any CPU
		{DBE6E50D-869E-4A5F-8E41-6AE9A2C96AFE}.Release|Any CPU.ActiveCfg = Release|Any CPU
		{DBE6E50D-869E-4A5F-8E41-6AE9A2C96AFE}.Release|Any CPU.Build.0 = Release|Any CPU
	EndGlobalSection
	GlobalSection(SolutionProperties) = preSolution
		HideSolutionNode = FALSE
	EndGlobalSection
	GlobalSection(ExtensibilityGlobals) = postSolution
		SolutionGuid = {41FF12A7-0D72-4D20-BDA7-2242030BC601}
	EndGlobalSection
EndGlobal
